PODS:
  - Capacitor (5.1.0):
    - CapacitorCordova
  - CapacitorCommunityBarcodeScanner (4.0.1):
    - Capacitor
  - CapacitorCordova (5.1.0)

DEPENDENCIES:
  - "Capacitor (from `../../node_modules/@capacitor/ios`)"
  - "CapacitorCommunityBarcodeScanner (from `../../node_modules/@capacitor-community/barcode-scanner`)"
  - "CapacitorCordova (from `../../node_modules/@capacitor/ios`)"

EXTERNAL SOURCES:
  Capacitor:
    :path: "../../node_modules/@capacitor/ios"
  CapacitorCommunityBarcodeScanner:
    :path: "../../node_modules/@capacitor-community/barcode-scanner"
  CapacitorCordova:
    :path: "../../node_modules/@capacitor/ios"

SPEC CHECKSUMS:
  Capacitor: 8dc4a61c44f6644fe4e0b61ad01ff175f9b538e5
  CapacitorCommunityBarcodeScanner: 7feb206489c8555a8ca0c74c57ddf49ead774eb8
  CapacitorCordova: 5984fa700842461518ecd320905c7f19ecdd590b

PODFILE CHECKSUM: 449805a22c1ea82167cc5c043d089a3d29d1d6a8

COCOAPODS: 1.12.1
